
Microsoft Visual Studio Solution File, Format Version 12.00
# Visual Studio Version 16
VisualStudioVersion = 16.0.31515.178
MinimumVisualStudioVersion = 10.0.40219.1
Project("{9A19103F-16F7-4668-BE54-9A1E7A4F7556}") = "Estudos.EFCore", "src\Estudos.EFCore\Estudos.EFCore.csproj", "{24163755-9A4C-4132-8ED2-CE92851533C7}"
EndProject
Project("{9A19103F-16F7-4668-BE54-9A1E7A4F7556}") = "Estudos.EFCore.Consultas", "src\Estudos.EFCore.Consultas\Estudos.EFCore.Consultas.csproj", "{AB7C8C24-495D-4DF7-A4D5-9B35FD5A6583}"
EndProject
Project("{9A19103F-16F7-4668-BE54-9A1E7A4F7556}") = "Estudos.EFCore.Infraestrutura", "src\Estudos.EFCore.Infraestrutura\Estudos.EFCore.Infraestrutura.csproj", "{A2EC6A17-821C-4101-80EC-BEBC6F6688B3}"
EndProject
Project("{9A19103F-16F7-4668-BE54-9A1E7A4F7556}") = "Estudos.EFCore.ModeloDados", "src\Estudos.EFCore.ModeloDados\Estudos.EFCore.ModeloDados.csproj", "{A4367DDE-E2B3-4564-B7D6-A7FCB79107B8}"
EndProject
Project("{9A19103F-16F7-4668-BE54-9A1E7A4F7556}") = "Estudos.EFCore.DataAnnotations", "src\Estudos.EFCore.DataAnnotations\Estudos.EFCore.DataAnnotations.csproj", "{6B4E2CBB-1080-4525-BC87-B31C29DFD706}"
EndProject
Project("{9A19103F-16F7-4668-BE54-9A1E7A4F7556}") = "Estudos.EFCore.Functions", "src\Estudos.EFCore.Functions\Estudos.EFCore.Functions.csproj", "{76500803-CCBE-41AC-AAE1-E988F419E380}"
EndProject
Project("{9A19103F-16F7-4668-BE54-9A1E7A4F7556}") = "Estudos.EFCore.Interceptadores", "src\Estudos.EFCore.Interceptadores\Estudos.EFCore.Interceptadores.csproj", "{0D92AAD1-8F1E-40BA-83D5-B17B3937C47E}"
EndProject
Project("{9A19103F-16F7-4668-BE54-9A1E7A4F7556}") = "Estudos.EFCore.Utils", "src\Estudos.EFCore.Utils\Estudos.EFCore.Utils.csproj", "{3595BB4E-92CF-4C33-AE4D-7975201949C3}"
EndProject
Project("{9A19103F-16F7-4668-BE54-9A1E7A4F7556}") = "Estudos.EFCore.Transacoes", "src\Estudos.EFCore.Transacoes\Estudos.EFCore.Transacoes.csproj", "{87DB099C-C756-44C4-B4C0-2008DA99D661}"
EndProject
Project("{9A19103F-16F7-4668-BE54-9A1E7A4F7556}") = "Estudos.EFCore.Udfs", "src\Estudos.EFCore.Udfs\Estudos.EFCore.Udfs.csproj", "{EA3BE1D4-8BBE-4462-A59E-408B89B391F0}"
EndProject
Project("{9A19103F-16F7-4668-BE54-9A1E7A4F7556}") = "Estudos.EFCore.Performance", "src\Estudos.EFCore.Performance\Estudos.EFCore.Performance.csproj", "{689A5501-4400-4619-BBE6-2811D2A32B54}"
EndProject
Project("{FAE04EC0-301F-11D3-BF4B-00C04F79EFBC}") = "Estudos.EFCore.Migracaoes", "src\Estudos.EFCore.Migracaoes\Estudos.EFCore.Migracaoes.csproj", "{B3AA40FA-E05D-46E1-8318-C995EE479AAB}"
EndProject
Global
	GlobalSection(SolutionConfigurationPlatforms) = preSolution
		Debug|Any CPU = Debug|Any CPU
		Release|Any CPU = Release|Any CPU
	EndGlobalSection
	GlobalSection(ProjectConfigurationPlatforms) = postSolution
		{24163755-9A4C-4132-8ED2-CE92851533C7}.Debug|Any CPU.ActiveCfg = Debug|Any CPU
		{24163755-9A4C-4132-8ED2-CE92851533C7}.Debug|Any CPU.Build.0 = Debug|Any CPU
		{24163755-9A4C-4132-8ED2-CE92851533C7}.Release|Any CPU.ActiveCfg = Release|Any CPU
		{24163755-9A4C-4132-8ED2-CE92851533C7}.Release|Any CPU.Build.0 = Release|Any CPU
		{AB7C8C24-495D-4DF7-A4D5-9B35FD5A6583}.Debug|Any CPU.ActiveCfg = Debug|Any CPU
		{AB7C8C24-495D-4DF7-A4D5-9B35FD5A6583}.Debug|Any CPU.Build.0 = Debug|Any CPU
		{AB7C8C24-495D-4DF7-A4D5-9B35FD5A6583}.Release|Any CPU.ActiveCfg = Release|Any CPU
		{AB7C8C24-495D-4DF7-A4D5-9B35FD5A6583}.Release|Any CPU.Build.0 = Release|Any CPU
		{A2EC6A17-821C-4101-80EC-BEBC6F6688B3}.Debug|Any CPU.ActiveCfg = Debug|Any CPU
		{A2EC6A17-821C-4101-80EC-BEBC6F6688B3}.Debug|Any CPU.Build.0 = Debug|Any CPU
		{A2EC6A17-821C-4101-80EC-BEBC6F6688B3}.Release|Any CPU.ActiveCfg = Release|Any CPU
		{A2EC6A17-821C-4101-80EC-BEBC6F6688B3}.Release|Any CPU.Build.0 = Release|Any CPU
		{A4367DDE-E2B3-4564-B7D6-A7FCB79107B8}.Debug|Any CPU.ActiveCfg = Debug|Any CPU
		{A4367DDE-E2B3-4564-B7D6-A7FCB79107B8}.Debug|Any CPU.Build.0 = Debug|Any CPU
		{A4367DDE-E2B3-4564-B7D6-A7FCB79107B8}.Release|Any CPU.ActiveCfg = Release|Any CPU
		{A4367DDE-E2B3-4564-B7D6-A7FCB79107B8}.Release|Any CPU.Build.0 = Release|Any CPU
		{6B4E2CBB-1080-4525-BC87-B31C29DFD706}.Debug|Any CPU.ActiveCfg = Debug|Any CPU
		{6B4E2CBB-1080-4525-BC87-B31C29DFD706}.Debug|Any CPU.Build.0 = Debug|Any CPU
		{6B4E2CBB-1080-4525-BC87-B31C29DFD706}.Release|Any CPU.ActiveCfg = Release|Any CPU
		{6B4E2CBB-1080-4525-BC87-B31C29DFD706}.Release|Any CPU.Build.0 = Release|Any CPU
		{76500803-CCBE-41AC-AAE1-E988F419E380}.Debug|Any CPU.ActiveCfg = Debug|Any CPU
		{76500803-CCBE-41AC-AAE1-E988F419E380}.Debug|Any CPU.Build.0 = Debug|Any CPU
		{76500803-CCBE-41AC-AAE1-E988F419E380}.Release|Any CPU.ActiveCfg = Release|Any CPU
		{76500803-CCBE-41AC-AAE1-E988F419E380}.Release|Any CPU.Build.0 = Release|Any CPU
		{0D92AAD1-8F1E-40BA-83D5-B17B3937C47E}.Debug|Any CPU.ActiveCfg = Debug|Any CPU
		{0D92AAD1-8F1E-40BA-83D5-B17B3937C47E}.Debug|Any CPU.Build.0 = Debug|Any CPU
		{0D92AAD1-8F1E-40BA-83D5-B17B3937C47E}.Release|Any CPU.ActiveCfg = Release|Any CPU
		{0D92AAD1-8F1E-40BA-83D5-B17B3937C47E}.Release|Any CPU.Build.0 = Release|Any CPU
		{3595BB4E-92CF-4C33-AE4D-7975201949C3}.Debug|Any CPU.ActiveCfg = Debug|Any CPU
		{3595BB4E-92CF-4C33-AE4D-7975201949C3}.Debug|Any CPU.Build.0 = Debug|Any CPU
		{3595BB4E-92CF-4C33-AE4D-7975201949C3}.Release|Any CPU.ActiveCfg = Release|Any CPU
		{3595BB4E-92CF-4C33-AE4D-7975201949C3}.Release|Any CPU.Build.0 = Release|Any CPU
		{87DB099C-C756-44C4-B4C0-2008DA99D661}.Debug|Any CPU.ActiveCfg = Debug|Any CPU
		{87DB099C-C756-44C4-B4C0-2008DA99D661}.Debug|Any CPU.Build.0 = Debug|Any CPU
		{87DB099C-C756-44C4-B4C0-2008DA99D661}.Release|Any CPU.ActiveCfg = Release|Any CPU
		{87DB099C-C756-44C4-B4C0-2008DA99D661}.Release|Any CPU.Build.0 = Release|Any CPU
		{EA3BE1D4-8BBE-4462-A59E-408B89B391F0}.Debug|Any CPU.ActiveCfg = Debug|Any CPU
		{EA3BE1D4-8BBE-4462-A59E-408B89B391F0}.Debug|Any CPU.Build.0 = Debug|Any CPU
		{EA3BE1D4-8BBE-4462-A59E-408B89B391F0}.Release|Any CPU.ActiveCfg = Release|Any CPU
		{EA3BE1D4-8BBE-4462-A59E-408B89B391F0}.Release|Any CPU.Build.0 = Release|Any CPU
		{689A5501-4400-4619-BBE6-2811D2A32B54}.Debug|Any CPU.ActiveCfg = Debug|Any CPU
		{689A5501-4400-4619-BBE6-2811D2A32B54}.Debug|Any CPU.Build.0 = Debug|Any CPU
		{689A5501-4400-4619-BBE6-2811D2A32B54}.Release|Any CPU.ActiveCfg = Release|Any CPU
		{689A5501-4400-4619-BBE6-2811D2A32B54}.Release|Any CPU.Build.0 = Release|Any CPU
		{B3AA40FA-E05D-46E1-8318-C995EE479AAB}.Debug|Any CPU.ActiveCfg = Debug|Any CPU
		{B3AA40FA-E05D-46E1-8318-C995EE479AAB}.Debug|Any CPU.Build.0 = Debug|Any CPU
		{B3AA40FA-E05D-46E1-8318-C995EE479AAB}.Release|Any CPU.ActiveCfg = Release|Any CPU
		{B3AA40FA-E05D-46E1-8318-C995EE479AAB}.Release|Any CPU.Build.0 = Release|Any CPU
	EndGlobalSection
	GlobalSection(SolutionProperties) = preSolution
		HideSolutionNode = FALSE
	EndGlobalSection
	GlobalSection(ExtensibilityGlobals) = postSolution
		SolutionGuid = {25E2391E-A6A5-4414-B620-162C90923895}
	EndGlobalSection
EndGlobal
